
Microsoft Visual Studio Solution File, Format Version 12.00
# Visual Studio Version 16
VisualStudioVersion = 16.0.31424.327
MinimumVisualStudioVersion = 10.0.40219.1
Project("{FAE04EC0-301F-11D3-BF4B-00C04F79EFBC}") = "EnglishAimlessly2", "EnglishAimlessly2\EnglishAimlessly2.csproj", "{C1608577-310B-481E-B91B-0548ED26EF54}"
EndProject
Global
	GlobalSection(SolutionConfigurationPlatforms) = preSolution
		Debug|Any CPU = Debug|Any CPU
		Release|Any CPU = Release|Any CPU
	EndGlobalSection
	GlobalSection(ProjectConfigurationPlatforms) = postSolution
		{C1608577-310B-481E-B91B-0548ED26EF54}.Debug|Any CPU.ActiveCfg = Debug|Any CPU
		{C1608577-310B-481E-B91B-0548ED26EF54}.Debug|Any CPU.Build.0 = Debug|Any CPU
		{C1608577-310B-481E-B91B-0548ED26EF54}.Release|Any CPU.ActiveCfg = Release|Any CPU
		{C1608577-310B-481E-B91B-0548ED26EF54}.Release|Any CPU.Build.0 = Release|Any CPU
	EndGlobalSection
	GlobalSection(SolutionProperties) = preSolution
		HideSolutionNode = FALSE
	EndGlobalSection
	GlobalSection(ExtensibilityGlobals) = postSolution
		SolutionGuid = {BCCF0037-6358-4BE6-BE52-3827AB37AC0B}
	EndGlobalSection
EndGlobal
